
Microsoft Visual Studio Solution File, Format Version 12.00
# Visual Studio Version 17
VisualStudioVersion = 17.11.35327.3
MinimumVisualStudioVersion = 10.0.40219.1
Project("{FAE04EC0-301F-11D3-BF4B-00C04F79EFBC}") = "WGUCapstoneUI.Server", "WGUCapstoneUI.Server\WGUCapstoneUI.Server.csproj", "{D079C428-6963-4C95-85F5-85DB21844A6C}"
EndProject
Project("{54A90642-561A-4BB1-A94E-469ADEE60C69}") = "wgucapstoneui.client", "wgucapstoneui.client\wgucapstoneui.client.esproj", "{DB10FBC7-940B-4F1A-9CBC-FB69889C27D4}"
EndProject
Global
	GlobalSection(SolutionConfigurationPlatforms) = preSolution
		Debug|Any CPU = Debug|Any CPU
		Release|Any CPU = Release|Any CPU
	EndGlobalSection
	GlobalSection(ProjectConfigurationPlatforms) = postSolution
		{D079C428-6963-4C95-85F5-85DB21844A6C}.Debug|Any CPU.ActiveCfg = Debug|Any CPU
		{D079C428-6963-4C95-85F5-85DB21844A6C}.Debug|Any CPU.Build.0 = Debug|Any CPU
		{D079C428-6963-4C95-85F5-85DB21844A6C}.Release|Any CPU.ActiveCfg = Release|Any CPU
		{D079C428-6963-4C95-85F5-85DB21844A6C}.Release|Any CPU.Build.0 = Release|Any CPU
		{DB10FBC7-940B-4F1A-9CBC-FB69889C27D4}.Debug|Any CPU.ActiveCfg = Debug|Any CPU
		{DB10FBC7-940B-4F1A-9CBC-FB69889C27D4}.Debug|Any CPU.Build.0 = Debug|Any CPU
		{DB10FBC7-940B-4F1A-9CBC-FB69889C27D4}.Debug|Any CPU.Deploy.0 = Debug|Any CPU
		{DB10FBC7-940B-4F1A-9CBC-FB69889C27D4}.Release|Any CPU.ActiveCfg = Release|Any CPU
		{DB10FBC7-940B-4F1A-9CBC-FB69889C27D4}.Release|Any CPU.Build.0 = Release|Any CPU
		{DB10FBC7-940B-4F1A-9CBC-FB69889C27D4}.Release|Any CPU.Deploy.0 = Release|Any CPU
	EndGlobalSection
	GlobalSection(SolutionProperties) = preSolution
		HideSolutionNode = FALSE
	EndGlobalSection
	GlobalSection(ExtensibilityGlobals) = postSolution
		SolutionGuid = {CEFC24A1-C048-44B7-A00B-D96BA4F5CEB0}
	EndGlobalSection
EndGlobal
